{
  "name": "apiplaywright",
  "version": "1.0.0",
  "lockfileVersion": 3,
  "requires": true,
  "packages": {
    "": {
      "name": "apiplaywright",
      "version": "1.0.0",
      "license": "ISC",
      "dependencies": {
        "ajv": "^8.16.0",
        "dotenv": "^16.4.5",
        "json-schema-library": "^9.3.5",
        "typescript": "^5.5.2"
      },
      "devDependencies": {
        "@faker-js/faker": "^8.4.1",
        "@playwright/test": "^1.44.1",
        "@types/node": "^20.14.5",
        "allure-playwright": "^3.0.0-beta.3",
        "cooky-cutter": "^1.5.4"
      }
    },
    "node_modules/@faker-js/faker": {
      "version": "8.4.1",
      "resolved": "https://registry.npmjs.org/@faker-js/faker/-/faker-8.4.1.tgz",
      "integrity": "sha512-XQ3cU+Q8Uqmrbf2e0cIC/QN43sTBSC8KF12u29Mb47tWrt2hAgBXSgpZMj4Ao8Uk0iJcU99QsOCaIL8934obCg==",
      "dev": true,
      "funding": [
        {
          "type": "opencollective",
          "url": "https://opencollective.com/fakerjs"
        }
      ],
      "engines": {
        "node": "^14.17.0 || ^16.13.0 || >=18.0.0",
        "npm": ">=6.14.13"
      }
    },
    "node_modules/@playwright/test": {
      "version": "1.44.1",
      "resolved": "https://registry.npmjs.org/@playwright/test/-/test-1.44.1.tgz",
      "integrity": "sha512-1hZ4TNvD5z9VuhNJ/walIjvMVvYkZKf71axoF/uiAqpntQJXpG64dlXhoDXE3OczPuTuvjf/M5KWFg5VAVUS3Q==",
      "dev": true,
      "dependencies": {
        "playwright": "1.44.1"
      },
      "bin": {
        "playwright": "cli.js"
      },
      "engines": {
        "node": ">=16"
      }
    },
    "node_modules/@sagold/json-pointer": {
      "version": "5.1.2",
      "resolved": "https://registry.npmjs.org/@sagold/json-pointer/-/json-pointer-5.1.2.tgz",
      "integrity": "sha512-+wAhJZBXa6MNxRScg6tkqEbChEHMgVZAhTHVJ60Y7sbtXtu9XA49KfUkdWlS2x78D6H9nryiKePiYozumauPfA=="
    },
    "node_modules/@sagold/json-query": {
      "version": "6.2.0",
      "resolved": "https://registry.npmjs.org/@sagold/json-query/-/json-query-6.2.0.tgz",
      "integrity": "sha512-7bOIdUE6eHeoWtFm8TvHQHfTVSZuCs+3RpOKmZCDBIOrxpvF/rNFTeuvIyjHva/RR0yVS3kQtr+9TW72LQEZjA==",
      "dependencies": {
        "@sagold/json-pointer": "^5.1.2",
        "ebnf": "^1.9.1"
      }
    },
    "node_modules/@types/node": {
      "version": "20.14.5",
      "resolved": "https://registry.npmjs.org/@types/node/-/node-20.14.5.tgz",
      "integrity": "sha512-aoRR+fJkZT2l0aGOJhuA8frnCSoNX6W7U2mpNq63+BxBIj5BQFt8rHy627kijCmm63ijdSdwvGgpUsU6MBsZZA==",
      "dev": true,
      "dependencies": {
        "undici-types": "~5.26.4"
      }
    },
    "node_modules/ajv": {
      "version": "8.16.0",
      "resolved": "https://registry.npmjs.org/ajv/-/ajv-8.16.0.tgz",
      "integrity": "sha512-F0twR8U1ZU67JIEtekUcLkXkoO5mMMmgGD8sK/xUFzJ805jxHQl92hImFAqqXMyMYjSPOyUPAwHYhB72g5sTXw==",
      "dependencies": {
        "fast-deep-equal": "^3.1.3",
        "json-schema-traverse": "^1.0.0",
        "require-from-string": "^2.0.2",
        "uri-js": "^4.4.1"
      },
      "funding": {
        "type": "github",
        "url": "https://github.com/sponsors/epoberezkin"
      }
    },
    "node_modules/allure-js-commons": {
      "version": "3.0.0-beta.3",
      "resolved": "https://registry.npmjs.org/allure-js-commons/-/allure-js-commons-3.0.0-beta.3.tgz",
      "integrity": "sha512-akVMlszV8yw7WciiizHjiW646mRAbz5ClI9Dqa6l3pzAL46IH09/XN5QCQf19csVUZWA7T7sffRiQVc+9tIfRg==",
      "dev": true,
      "dependencies": {
        "md5": "^2.3.0",
        "properties": "^1.2.1"
      }
    },
    "node_modules/allure-playwright": {
      "version": "3.0.0-beta.3",
      "resolved": "https://registry.npmjs.org/allure-playwright/-/allure-playwright-3.0.0-beta.3.tgz",
      "integrity": "sha512-4TD2IZbSRWrDdO6OtAdRt5UHOWphAscGeLG1yhTK8NvWNIhJPD+3xUets9KEEs5822Lp1Sd/3EcPjxWxJlVwpw==",
      "dev": true,
      "dependencies": {
        "allure-js-commons": "3.0.0-beta.3"
      }
    },
    "node_modules/charenc": {
      "version": "0.0.2",
      "resolved": "https://registry.npmjs.org/charenc/-/charenc-0.0.2.tgz",
      "integrity": "sha512-yrLQ/yVUFXkzg7EDQsPieE/53+0RlaWTs+wBrvW36cyilJ2SaDWfl4Yj7MtLTXleV9uEKefbAGUPv2/iWSooRA==",
      "dev": true,
      "engines": {
        "node": "*"
      }
    },
    "node_modules/commander": {
      "version": "2.20.3",
      "resolved": "https://registry.npmjs.org/commander/-/commander-2.20.3.tgz",
      "integrity": "sha512-GpVkmM8vF2vQUkj2LvZmD35JxeJOLCwJ9cUkugyk2nuhbv3+mJvpLYYt+0+USMxE+oj+ey/lJEnhZw75x/OMcQ=="
    },
    "node_modules/cooky-cutter": {
      "version": "1.5.4",
      "resolved": "https://registry.npmjs.org/cooky-cutter/-/cooky-cutter-1.5.4.tgz",
      "integrity": "sha512-K+lHJHtMhpKLqBbD2GdTHTfx+8GXTDQBVKKjz8+WZa0Gd9fssCRHEBP9mXou+4Hmk3JEScBq1oo1C+/e0Ly+qA==",
      "dev": true
    },
    "node_modules/crypt": {
      "version": "0.0.2",
      "resolved": "https://registry.npmjs.org/crypt/-/crypt-0.0.2.tgz",
      "integrity": "sha512-mCxBlsHFYh9C+HVpiEacem8FEBnMXgU9gy4zmNC+SXAZNB/1idgp/aulFJ4FgCi7GPEVbfyng092GqL2k2rmow==",
      "dev": true,
      "engines": {
        "node": "*"
      }
    },
    "node_modules/deepmerge": {
      "version": "4.3.1",
      "resolved": "https://registry.npmjs.org/deepmerge/-/deepmerge-4.3.1.tgz",
      "integrity": "sha512-3sUqbMEc77XqpdNO7FRyRog+eW3ph+GYCbj+rK+uYyRMuwsVy0rMiVtPn+QJlKFvWP/1PYpapqYn0Me2knFn+A==",
      "engines": {
        "node": ">=0.10.0"
      }
    },
    "node_modules/discontinuous-range": {
      "version": "1.0.0",
      "resolved": "https://registry.npmjs.org/discontinuous-range/-/discontinuous-range-1.0.0.tgz",
      "integrity": "sha512-c68LpLbO+7kP/b1Hr1qs8/BJ09F5khZGTxqxZuhzxpmwJKOgRFHJWIb9/KmqnqHhLdO55aOxFH/EGBvUQbL/RQ=="
    },
    "node_modules/dotenv": {
      "version": "16.4.5",
      "resolved": "https://registry.npmjs.org/dotenv/-/dotenv-16.4.5.tgz",
      "integrity": "sha512-ZmdL2rui+eB2YwhsWzjInR8LldtZHGDoQ1ugH85ppHKwpUHL7j7rN0Ti9NCnGiQbhaZ11FpR+7ao1dNsmduNUg==",
      "engines": {
        "node": ">=12"
      },
      "funding": {
        "url": "https://dotenvx.com"
      }
    },
    "node_modules/ebnf": {
      "version": "1.9.1",
      "resolved": "https://registry.npmjs.org/ebnf/-/ebnf-1.9.1.tgz",
      "integrity": "sha512-uW2UKSsuty9ANJ3YByIQE4ANkD8nqUPO7r6Fwcc1ADKPe9FRdcPpMl3VEput4JSvKBJ4J86npIC2MLP0pYkCuw==",
      "bin": {
        "ebnf": "dist/bin.js"
      }
    },
    "node_modules/fast-copy": {
      "version": "3.0.2",
      "resolved": "https://registry.npmjs.org/fast-copy/-/fast-copy-3.0.2.tgz",
      "integrity": "sha512-dl0O9Vhju8IrcLndv2eU4ldt1ftXMqqfgN4H1cpmGV7P6jeB9FwpN9a2c8DPGE1Ys88rNUJVYDHq73CGAGOPfQ=="
    },
    "node_modules/fast-deep-equal": {
      "version": "3.1.3",
      "resolved": "https://registry.npmjs.org/fast-deep-equal/-/fast-deep-equal-3.1.3.tgz",
      "integrity": "sha512-f3qQ9oQy9j2AhBe/H9VC91wLmKBCCU/gDOnKNAYG5hswO7BLKj09Hc5HYNz9cGI++xlpDCIgDaitVs03ATR84Q=="
    },
    "node_modules/fsevents": {
      "version": "2.3.2",
      "resolved": "https://registry.npmjs.org/fsevents/-/fsevents-2.3.2.tgz",
      "integrity": "sha512-xiqMQR4xAeHTuB9uWm+fFRcIOgKBMiOBP+eXiyT7jsgVCq1bkVygt00oASowB7EdtpOHaaPgKt812P9ab+DDKA==",
      "dev": true,
      "hasInstallScript": true,
      "optional": true,
      "os": [
        "darwin"
      ],
      "engines": {
        "node": "^8.16.0 || ^10.6.0 || >=11.0.0"
      }
    },
    "node_modules/is-buffer": {
      "version": "1.1.6",
      "resolved": "https://registry.npmjs.org/is-buffer/-/is-buffer-1.1.6.tgz",
      "integrity": "sha512-NcdALwpXkTm5Zvvbk7owOUSvVvBKDgKP5/ewfXEznmQFfs4ZRmanOeKBTjRVjka3QFoN6XJ+9F3USqfHqTaU5w==",
      "dev": true
    },
    "node_modules/json-schema-library": {
      "version": "9.3.5",
      "resolved": "https://registry.npmjs.org/json-schema-library/-/json-schema-library-9.3.5.tgz",
      "integrity": "sha512-5eBDx7cbfs+RjylsVO+N36b0GOPtv78rfqgf2uON+uaHUIC62h63Y8pkV2ovKbaL4ZpQcHp21968x5nx/dFwqQ==",
      "dependencies": {
        "@sagold/json-pointer": "^5.1.2",
        "@sagold/json-query": "^6.1.3",
        "deepmerge": "^4.3.1",
        "fast-copy": "^3.0.2",
        "fast-deep-equal": "^3.1.3",
        "smtp-address-parser": "1.0.10",
        "valid-url": "^1.0.9"
      }
    },
    "node_modules/json-schema-traverse": {
      "version": "1.0.0",
      "resolved": "https://registry.npmjs.org/json-schema-traverse/-/json-schema-traverse-1.0.0.tgz",
      "integrity": "sha512-NM8/P9n3XjXhIZn1lLhkFaACTOURQXjWhV4BA/RnOv8xvgqtqpAX9IO4mRQxSx1Rlo4tqzeqb0sOlruaOy3dug=="
    },
    "node_modules/md5": {
      "version": "2.3.0",
      "resolved": "https://registry.npmjs.org/md5/-/md5-2.3.0.tgz",
      "integrity": "sha512-T1GITYmFaKuO91vxyoQMFETst+O71VUPEU3ze5GNzDm0OWdP8v1ziTaAEPUr/3kLsY3Sftgz242A1SetQiDL7g==",
      "dev": true,
      "dependencies": {
        "charenc": "0.0.2",
        "crypt": "0.0.2",
        "is-buffer": "~1.1.6"
      }
    },
    "node_modules/moo": {
      "version": "0.5.2",
      "resolved": "https://registry.npmjs.org/moo/-/moo-0.5.2.tgz",
      "integrity": "sha512-iSAJLHYKnX41mKcJKjqvnAN9sf0LMDTXDEvFv+ffuRR9a1MIuXLjMNL6EsnDHSkKLTWNqQQ5uo61P4EbU4NU+Q=="
    },
    "node_modules/nearley": {
      "version": "2.20.1",
      "resolved": "https://registry.npmjs.org/nearley/-/nearley-2.20.1.tgz",
      "integrity": "sha512-+Mc8UaAebFzgV+KpI5n7DasuuQCHA89dmwm7JXw3TV43ukfNQ9DnBH3Mdb2g/I4Fdxc26pwimBWvjIw0UAILSQ==",
      "dependencies": {
        "commander": "^2.19.0",
        "moo": "^0.5.0",
        "railroad-diagrams": "^1.0.0",
        "randexp": "0.4.6"
      },
      "bin": {
        "nearley-railroad": "bin/nearley-railroad.js",
        "nearley-test": "bin/nearley-test.js",
        "nearley-unparse": "bin/nearley-unparse.js",
        "nearleyc": "bin/nearleyc.js"
      },
      "funding": {
        "type": "individual",
        "url": "https://nearley.js.org/#give-to-nearley"
      }
    },
    "node_modules/playwright": {
      "version": "1.44.1",
      "resolved": "https://registry.npmjs.org/playwright/-/playwright-1.44.1.tgz",
      "integrity": "sha512-qr/0UJ5CFAtloI3avF95Y0L1xQo6r3LQArLIg/z/PoGJ6xa+EwzrwO5lpNr/09STxdHuUoP2mvuELJS+hLdtgg==",
      "dev": true,
      "dependencies": {
        "playwright-core": "1.44.1"
      },
      "bin": {
        "playwright": "cli.js"
      },
      "engines": {
        "node": ">=16"
      },
      "optionalDependencies": {
        "fsevents": "2.3.2"
      }
    },
    "node_modules/playwright-core": {
      "version": "1.44.1",
      "resolved": "https://registry.npmjs.org/playwright-core/-/playwright-core-1.44.1.tgz",
      "integrity": "sha512-wh0JWtYTrhv1+OSsLPgFzGzt67Y7BE/ZS3jEqgGBlp2ppp1ZDj8c+9IARNW4dwf1poq5MgHreEM2KV/GuR4cFA==",
      "dev": true,
      "bin": {
        "playwright-core": "cli.js"
      },
      "engines": {
        "node": ">=16"
      }
    },
    "node_modules/properties": {
      "version": "1.2.1",
      "resolved": "https://registry.npmjs.org/properties/-/properties-1.2.1.tgz",
      "integrity": "sha512-qYNxyMj1JeW54i/EWEFsM1cVwxJbtgPp8+0Wg9XjNaK6VE/c4oRi6PNu5p7w1mNXEIQIjV5Wwn8v8Gz82/QzdQ==",
      "dev": true,
      "engines": {
        "node": ">=0.10"
      }
    },
    "node_modules/punycode": {
      "version": "2.3.1",
      "resolved": "https://registry.npmjs.org/punycode/-/punycode-2.3.1.tgz",
      "integrity": "sha512-vYt7UD1U9Wg6138shLtLOvdAu+8DsC/ilFtEVHcH+wydcSpNE20AfSOduf6MkRFahL5FY7X1oU7nKVZFtfq8Fg==",
      "engines": {
        "node": ">=6"
      }
    },
    "node_modules/railroad-diagrams": {
      "version": "1.0.0",
      "resolved": "https://registry.npmjs.org/railroad-diagrams/-/railroad-diagrams-1.0.0.tgz",
      "integrity": "sha512-cz93DjNeLY0idrCNOH6PviZGRN9GJhsdm9hpn1YCS879fj4W+x5IFJhhkRZcwVgMmFF7R82UA/7Oh+R8lLZg6A=="
    },
    "node_modules/randexp": {
      "version": "0.4.6",
      "resolved": "https://registry.npmjs.org/randexp/-/randexp-0.4.6.tgz",
      "integrity": "sha512-80WNmd9DA0tmZrw9qQa62GPPWfuXJknrmVmLcxvq4uZBdYqb1wYoKTmnlGUchvVWe0XiLupYkBoXVOxz3C8DYQ==",
      "dependencies": {
        "discontinuous-range": "1.0.0",
        "ret": "~0.1.10"
      },
      "engines": {
        "node": ">=0.12"
      }
    },
    "node_modules/require-from-string": {
      "version": "2.0.2",
      "resolved": "https://registry.npmjs.org/require-from-string/-/require-from-string-2.0.2.tgz",
      "integrity": "sha512-Xf0nWe6RseziFMu+Ap9biiUbmplq6S9/p+7w7YXP/JBHhrUDDUhwa+vANyubuqfZWTveU//DYVGsDG7RKL/vEw==",
      "engines": {
        "node": ">=0.10.0"
      }
    },
    "node_modules/ret": {
      "version": "0.1.15",
      "resolved": "https://registry.npmjs.org/ret/-/ret-0.1.15.tgz",
      "integrity": "sha512-TTlYpa+OL+vMMNG24xSlQGEJ3B/RzEfUlLct7b5G/ytav+wPrplCpVMFuwzXbkecJrb6IYo1iFb0S9v37754mg==",
      "engines": {
        "node": ">=0.12"
      }
    },
    "node_modules/smtp-address-parser": {
      "version": "1.0.10",
      "resolved": "https://registry.npmjs.org/smtp-address-parser/-/smtp-address-parser-1.0.10.tgz",
      "integrity": "sha512-Osg9LmvGeAG/hyao4mldbflLOkkr3a+h4m1lwKCK5U8M6ZAr7tdXEz/+/vr752TSGE4MNUlUl9cIK2cB8cgzXg==",
      "dependencies": {
        "nearley": "^2.20.1"
      },
      "engines": {
        "node": ">=0.10"
      }
    },
    "node_modules/typescript": {
      "version": "5.5.2",
      "resolved": "https://registry.npmjs.org/typescript/-/typescript-5.5.2.tgz",
      "integrity": "sha512-NcRtPEOsPFFWjobJEtfihkLCZCXZt/os3zf8nTxjVH3RvTSxjrCamJpbExGvYOF+tFHc3pA65qpdwPbzjohhew==",
      "bin": {
        "tsc": "bin/tsc",
        "tsserver": "bin/tsserver"
      },
      "engines": {
        "node": ">=14.17"
      }
    },
    "node_modules/undici-types": {
      "version": "5.26.5",
      "resolved": "https://registry.npmjs.org/undici-types/-/undici-types-5.26.5.tgz",
      "integrity": "sha512-JlCMO+ehdEIKqlFxk6IfVoAUVmgz7cU7zD/h9XZ0qzeosSHmUJVOzSQvvYSYWXkFXC+IfLKSIffhv0sVZup6pA==",
      "dev": true
    },
    "node_modules/uri-js": {
      "version": "4.4.1",
      "resolved": "https://registry.npmjs.org/uri-js/-/uri-js-4.4.1.tgz",
      "integrity": "sha512-7rKUyy33Q1yc98pQ1DAmLtwX109F7TIfWlW1Ydo8Wl1ii1SeHieeh0HHfPeL2fMXK6z0s8ecKs9frCuLJvndBg==",
      "dependencies": {
        "punycode": "^2.1.0"
      }
    },
    "node_modules/valid-url": {
      "version": "1.0.9",
      "resolved": "https://registry.npmjs.org/valid-url/-/valid-url-1.0.9.tgz",
      "integrity": "sha512-QQDsV8OnSf5Uc30CKSwG9lnhMPe6exHtTXLRYX8uMwKENy640pU+2BgBL0LRbDh/eYRahNCS7aewCx0wf3NYVA=="
    }
  }
}
