# THIS IS AN AUTOGENERATED FILE. DO NOT EDIT THIS FILE DIRECTLY.
# yarn lockfile v1


"@playwright/test@^1.44.1":
  version "1.44.1"
  resolved "https://registry.yarnpkg.com/@playwright/test/-/test-1.44.1.tgz#cc874ec31342479ad99838040e99b5f604299bcb"
  integrity sha512-1hZ4TNvD5z9VuhNJ/walIjvMVvYkZKf71axoF/uiAqpntQJXpG64dlXhoDXE3OczPuTuvjf/M5KWFg5VAVUS3Q==
  dependencies:
    playwright "1.44.1"

"@sagold/json-pointer@^5.1.2":
  version "5.1.2"
  resolved "https://registry.yarnpkg.com/@sagold/json-pointer/-/json-pointer-5.1.2.tgz#7f07884050fd2139eeb5d7423e917160ee7e0b8d"
  integrity sha512-+wAhJZBXa6MNxRScg6tkqEbChEHMgVZAhTHVJ60Y7sbtXtu9XA49KfUkdWlS2x78D6H9nryiKePiYozumauPfA==

"@sagold/json-query@^6.1.3":
  version "6.2.0"
  resolved "https://registry.yarnpkg.com/@sagold/json-query/-/json-query-6.2.0.tgz#2204a0259ea10f36cd5cb0a1505078e6d751eecd"
  integrity sha512-7bOIdUE6eHeoWtFm8TvHQHfTVSZuCs+3RpOKmZCDBIOrxpvF/rNFTeuvIyjHva/RR0yVS3kQtr+9TW72LQEZjA==
  dependencies:
    "@sagold/json-pointer" "^5.1.2"
    ebnf "^1.9.1"

"@types/node@^20.14.5":
  version "20.14.6"
  resolved "https://registry.yarnpkg.com/@types/node/-/node-20.14.6.tgz#f3c19ffc98c2220e18de259bb172dd4d892a6075"
  integrity sha512-JbA0XIJPL1IiNnU7PFxDXyfAwcwVVrOoqyzzyQTyMeVhBzkJVMSkC1LlVsRQ2lpqiY4n6Bb9oCS6lzDKVQxbZw==
  dependencies:
    undici-types "~5.26.4"

ajv@^8.16.0:
  version "8.16.0"
  resolved "https://registry.yarnpkg.com/ajv/-/ajv-8.16.0.tgz#22e2a92b94f005f7e0f9c9d39652ef0b8f6f0cb4"
  integrity sha512-F0twR8U1ZU67JIEtekUcLkXkoO5mMMmgGD8sK/xUFzJ805jxHQl92hImFAqqXMyMYjSPOyUPAwHYhB72g5sTXw==
  dependencies:
    fast-deep-equal "^3.1.3"
    json-schema-traverse "^1.0.0"
    require-from-string "^2.0.2"
    uri-js "^4.4.1"

commander@^2.19.0:
  version "2.20.3"
  resolved "https://registry.yarnpkg.com/commander/-/commander-2.20.3.tgz#fd485e84c03eb4881c20722ba48035e8531aeb33"
  integrity sha512-GpVkmM8vF2vQUkj2LvZmD35JxeJOLCwJ9cUkugyk2nuhbv3+mJvpLYYt+0+USMxE+oj+ey/lJEnhZw75x/OMcQ==

cooky-cutter@^1.5.4:
  version "1.5.4"
  resolved "https://registry.yarnpkg.com/cooky-cutter/-/cooky-cutter-1.5.4.tgz#f3ad313147c1231ad4991727311faa79e366eff9"
  integrity sha512-K+lHJHtMhpKLqBbD2GdTHTfx+8GXTDQBVKKjz8+WZa0Gd9fssCRHEBP9mXou+4Hmk3JEScBq1oo1C+/e0Ly+qA==

deepmerge@^4.3.1:
  version "4.3.1"
  resolved "https://registry.yarnpkg.com/deepmerge/-/deepmerge-4.3.1.tgz#44b5f2147cd3b00d4b56137685966f26fd25dd4a"
  integrity sha512-3sUqbMEc77XqpdNO7FRyRog+eW3ph+GYCbj+rK+uYyRMuwsVy0rMiVtPn+QJlKFvWP/1PYpapqYn0Me2knFn+A==

discontinuous-range@1.0.0:
  version "1.0.0"
  resolved "https://registry.yarnpkg.com/discontinuous-range/-/discontinuous-range-1.0.0.tgz#e38331f0844bba49b9a9cb71c771585aab1bc65a"
  integrity sha512-c68LpLbO+7kP/b1Hr1qs8/BJ09F5khZGTxqxZuhzxpmwJKOgRFHJWIb9/KmqnqHhLdO55aOxFH/EGBvUQbL/RQ==

dotenv@^16.4.5:
  version "16.4.5"
  resolved "https://registry.yarnpkg.com/dotenv/-/dotenv-16.4.5.tgz#cdd3b3b604cb327e286b4762e13502f717cb099f"
  integrity sha512-ZmdL2rui+eB2YwhsWzjInR8LldtZHGDoQ1ugH85ppHKwpUHL7j7rN0Ti9NCnGiQbhaZ11FpR+7ao1dNsmduNUg==

ebnf@^1.9.1:
  version "1.9.1"
  resolved "https://registry.yarnpkg.com/ebnf/-/ebnf-1.9.1.tgz#64c25d8208ec0d221ec11c3c5e8094015131a9d3"
  integrity sha512-uW2UKSsuty9ANJ3YByIQE4ANkD8nqUPO7r6Fwcc1ADKPe9FRdcPpMl3VEput4JSvKBJ4J86npIC2MLP0pYkCuw==

fast-copy@^3.0.2:
  version "3.0.2"
  resolved "https://registry.yarnpkg.com/fast-copy/-/fast-copy-3.0.2.tgz#59c68f59ccbcac82050ba992e0d5c389097c9d35"
  integrity sha512-dl0O9Vhju8IrcLndv2eU4ldt1ftXMqqfgN4H1cpmGV7P6jeB9FwpN9a2c8DPGE1Ys88rNUJVYDHq73CGAGOPfQ==

fast-deep-equal@^3.1.3:
  version "3.1.3"
  resolved "https://registry.yarnpkg.com/fast-deep-equal/-/fast-deep-equal-3.1.3.tgz#3a7d56b559d6cbc3eb512325244e619a65c6c525"
  integrity sha512-f3qQ9oQy9j2AhBe/H9VC91wLmKBCCU/gDOnKNAYG5hswO7BLKj09Hc5HYNz9cGI++xlpDCIgDaitVs03ATR84Q==

fsevents@2.3.2:
  version "2.3.2"
  resolved "https://registry.yarnpkg.com/fsevents/-/fsevents-2.3.2.tgz#8a526f78b8fdf4623b709e0b975c52c24c02fd1a"
  integrity sha512-xiqMQR4xAeHTuB9uWm+fFRcIOgKBMiOBP+eXiyT7jsgVCq1bkVygt00oASowB7EdtpOHaaPgKt812P9ab+DDKA==

json-schema-library@^9.3.5:
  version "9.3.5"
  resolved "https://registry.yarnpkg.com/json-schema-library/-/json-schema-library-9.3.5.tgz#dd66002257a13572acd681854a023e1da0e86bfa"
  integrity sha512-5eBDx7cbfs+RjylsVO+N36b0GOPtv78rfqgf2uON+uaHUIC62h63Y8pkV2ovKbaL4ZpQcHp21968x5nx/dFwqQ==
  dependencies:
    "@sagold/json-pointer" "^5.1.2"
    "@sagold/json-query" "^6.1.3"
    deepmerge "^4.3.1"
    fast-copy "^3.0.2"
    fast-deep-equal "^3.1.3"
    smtp-address-parser "1.0.10"
    valid-url "^1.0.9"

json-schema-traverse@^1.0.0:
  version "1.0.0"
  resolved "https://registry.yarnpkg.com/json-schema-traverse/-/json-schema-traverse-1.0.0.tgz#ae7bcb3656ab77a73ba5c49bf654f38e6b6860e2"
  integrity sha512-NM8/P9n3XjXhIZn1lLhkFaACTOURQXjWhV4BA/RnOv8xvgqtqpAX9IO4mRQxSx1Rlo4tqzeqb0sOlruaOy3dug==

moo@^0.5.0:
  version "0.5.2"
  resolved "https://registry.yarnpkg.com/moo/-/moo-0.5.2.tgz#f9fe82473bc7c184b0d32e2215d3f6e67278733c"
  integrity sha512-iSAJLHYKnX41mKcJKjqvnAN9sf0LMDTXDEvFv+ffuRR9a1MIuXLjMNL6EsnDHSkKLTWNqQQ5uo61P4EbU4NU+Q==

nearley@^2.20.1:
  version "2.20.1"
  resolved "https://registry.yarnpkg.com/nearley/-/nearley-2.20.1.tgz#246cd33eff0d012faf197ff6774d7ac78acdd474"
  integrity sha512-+Mc8UaAebFzgV+KpI5n7DasuuQCHA89dmwm7JXw3TV43ukfNQ9DnBH3Mdb2g/I4Fdxc26pwimBWvjIw0UAILSQ==
  dependencies:
    commander "^2.19.0"
    moo "^0.5.0"
    railroad-diagrams "^1.0.0"
    randexp "0.4.6"

playwright-core@1.44.1:
  version "1.44.1"
  resolved "https://registry.yarnpkg.com/playwright-core/-/playwright-core-1.44.1.tgz#53ec975503b763af6fc1a7aa995f34bc09ff447c"
  integrity sha512-wh0JWtYTrhv1+OSsLPgFzGzt67Y7BE/ZS3jEqgGBlp2ppp1ZDj8c+9IARNW4dwf1poq5MgHreEM2KV/GuR4cFA==

playwright@1.44.1:
  version "1.44.1"
  resolved "https://registry.yarnpkg.com/playwright/-/playwright-1.44.1.tgz#5634369d777111c1eea9180430b7a184028e7892"
  integrity sha512-qr/0UJ5CFAtloI3avF95Y0L1xQo6r3LQArLIg/z/PoGJ6xa+EwzrwO5lpNr/09STxdHuUoP2mvuELJS+hLdtgg==
  dependencies:
    playwright-core "1.44.1"
  optionalDependencies:
    fsevents "2.3.2"

punycode@^2.1.0:
  version "2.3.1"
  resolved "https://registry.yarnpkg.com/punycode/-/punycode-2.3.1.tgz#027422e2faec0b25e1549c3e1bd8309b9133b6e5"
  integrity sha512-vYt7UD1U9Wg6138shLtLOvdAu+8DsC/ilFtEVHcH+wydcSpNE20AfSOduf6MkRFahL5FY7X1oU7nKVZFtfq8Fg==

railroad-diagrams@^1.0.0:
  version "1.0.0"
  resolved "https://registry.yarnpkg.com/railroad-diagrams/-/railroad-diagrams-1.0.0.tgz#eb7e6267548ddedfb899c1b90e57374559cddb7e"
  integrity sha512-cz93DjNeLY0idrCNOH6PviZGRN9GJhsdm9hpn1YCS879fj4W+x5IFJhhkRZcwVgMmFF7R82UA/7Oh+R8lLZg6A==

randexp@0.4.6:
  version "0.4.6"
  resolved "https://registry.yarnpkg.com/randexp/-/randexp-0.4.6.tgz#e986ad5e5e31dae13ddd6f7b3019aa7c87f60ca3"
  integrity sha512-80WNmd9DA0tmZrw9qQa62GPPWfuXJknrmVmLcxvq4uZBdYqb1wYoKTmnlGUchvVWe0XiLupYkBoXVOxz3C8DYQ==
  dependencies:
    discontinuous-range "1.0.0"
    ret "~0.1.10"

require-from-string@^2.0.2:
  version "2.0.2"
  resolved "https://registry.yarnpkg.com/require-from-string/-/require-from-string-2.0.2.tgz#89a7fdd938261267318eafe14f9c32e598c36909"
  integrity sha512-Xf0nWe6RseziFMu+Ap9biiUbmplq6S9/p+7w7YXP/JBHhrUDDUhwa+vANyubuqfZWTveU//DYVGsDG7RKL/vEw==

ret@~0.1.10:
  version "0.1.15"
  resolved "https://registry.yarnpkg.com/ret/-/ret-0.1.15.tgz#b8a4825d5bdb1fc3f6f53c2bc33f81388681c7bc"
  integrity sha512-TTlYpa+OL+vMMNG24xSlQGEJ3B/RzEfUlLct7b5G/ytav+wPrplCpVMFuwzXbkecJrb6IYo1iFb0S9v37754mg==

smtp-address-parser@1.0.10:
  version "1.0.10"
  resolved "https://registry.yarnpkg.com/smtp-address-parser/-/smtp-address-parser-1.0.10.tgz#9fc4ed6021f13dc3d8f591e0ad0d50454073025e"
  integrity sha512-Osg9LmvGeAG/hyao4mldbflLOkkr3a+h4m1lwKCK5U8M6ZAr7tdXEz/+/vr752TSGE4MNUlUl9cIK2cB8cgzXg==
  dependencies:
    nearley "^2.20.1"

undici-types@~5.26.4:
  version "5.26.5"
  resolved "https://registry.yarnpkg.com/undici-types/-/undici-types-5.26.5.tgz#bcd539893d00b56e964fd2657a4866b221a65617"
  integrity sha512-JlCMO+ehdEIKqlFxk6IfVoAUVmgz7cU7zD/h9XZ0qzeosSHmUJVOzSQvvYSYWXkFXC+IfLKSIffhv0sVZup6pA==

uri-js@^4.4.1:
  version "4.4.1"
  resolved "https://registry.yarnpkg.com/uri-js/-/uri-js-4.4.1.tgz#9b1a52595225859e55f669d928f88c6c57f2a77e"
  integrity sha512-7rKUyy33Q1yc98pQ1DAmLtwX109F7TIfWlW1Ydo8Wl1ii1SeHieeh0HHfPeL2fMXK6z0s8ecKs9frCuLJvndBg==
  dependencies:
    punycode "^2.1.0"

valid-url@^1.0.9:
  version "1.0.9"
  resolved "https://registry.yarnpkg.com/valid-url/-/valid-url-1.0.9.tgz#1c14479b40f1397a75782f115e4086447433a200"
  integrity sha512-QQDsV8OnSf5Uc30CKSwG9lnhMPe6exHtTXLRYX8uMwKENy640pU+2BgBL0LRbDh/eYRahNCS7aewCx0wf3NYVA==
